
Microsoft Visual Studio Solution File, Format Version 12.00
# Visual Studio Version 17
VisualStudioVersion = 17.5.33627.172
MinimumVisualStudioVersion = 10.0.40219.1
Project("{FAE04EC0-301F-11D3-BF4B-00C04F79EFBC}") = "WinFormsApp1", "WinFormsApp1\WinFormsApp1.csproj", "{1EE17A3D-88EF-4426-8F5E-111A1237A363}"
EndProject
Global
	GlobalSection(SolutionConfigurationPlatforms) = preSolution
		Debug|Any CPU = Debug|Any CPU
		Release|Any CPU = Release|Any CPU
	EndGlobalSection
	GlobalSection(ProjectConfigurationPlatforms) = postSolution
		{1EE17A3D-88EF-4426-8F5E-111A1237A363}.Debug|Any CPU.ActiveCfg = Debug|Any CPU
		{1EE17A3D-88EF-4426-8F5E-111A1237A363}.Debug|Any CPU.Build.0 = Debug|Any CPU
		{1EE17A3D-88EF-4426-8F5E-111A1237A363}.Release|Any CPU.ActiveCfg = Release|Any CPU
		{1EE17A3D-88EF-4426-8F5E-111A1237A363}.Release|Any CPU.Build.0 = Release|Any CPU
	EndGlobalSection
	GlobalSection(SolutionProperties) = preSolution
		HideSolutionNode = FALSE
	EndGlobalSection
	GlobalSection(ExtensibilityGlobals) = postSolution
		SolutionGuid = {9FBB7955-C58B-45A1-9502-DB52561C4D8F}
	EndGlobalSection
EndGlobal
